// !$*UTF8*$!
{
	archiveVersion = 1;
	classes = {
	};
	objectVersion = 46;
	objects = {

/* Begin PBXBuildFile section */
		DD0B08631D9666BF008B6E50 /* NavigationViewController.swift in Sources */ = {isa = PBXBuildFile; fileRef = DD0B08621D9666BF008B6E50 /* NavigationViewController.swift */; };
		DD0B08651D966E81008B6E50 /* LocationsTableViewController.swift in Sources */ = {isa = PBXBuildFile; fileRef = DD0B08641D966E81008B6E50 /* LocationsTableViewController.swift */; };
		DD0B08671D9682C5008B6E50 /* SendInformationViewController.swift in Sources */ = {isa = PBXBuildFile; fileRef = DD0B08661D9682C5008B6E50 /* SendInformationViewController.swift */; };
		DD0B086A1D96A376008B6E50 /* Alert.swift in Sources */ = {isa = PBXBuildFile; fileRef = DD0B08691D96A376008B6E50 /* Alert.swift */; };
		DD896AF21D92B25B009C482D /* MapViewController.swift in Sources */ = {isa = PBXBuildFile; fileRef = DD896AF11D92B25B009C482D /* MapViewController.swift */; };
		DD896AF41D92B4DE009C482D /* MapKit.framework in Frameworks */ = {isa = PBXBuildFile; fileRef = DD896AF31D92B4DE009C482D /* MapKit.framework */; };
		DD896AF71D92BC44009C482D /* ParseClient.swift in Sources */ = {isa = PBXBuildFile; fileRef = DD896AF61D92BC44009C482D /* ParseClient.swift */; };
		DD896AF91D92BCAE009C482D /* ParseConstants.swift in Sources */ = {isa = PBXBuildFile; fileRef = DD896AF81D92BCAE009C482D /* ParseConstants.swift */; };
		DD896AFB1D92C432009C482D /* StudentInformation.swift in Sources */ = {isa = PBXBuildFile; fileRef = DD896AFA1D92C432009C482D /* StudentInformation.swift */; };
		DDD870EE1D97B92D00E798EB /* HTTPClient.swift in Sources */ = {isa = PBXBuildFile; fileRef = DDD870ED1D97B92D00E798EB /* HTTPClient.swift */; };
		DDFF237C1D9161FC0082D02D /* AppDelegate.swift in Sources */ = {isa = PBXBuildFile; fileRef = DDFF237B1D9161FC0082D02D /* AppDelegate.swift */; };
		DDFF237E1D9161FC0082D02D /* LoginViewController.swift in Sources */ = {isa = PBXBuildFile; fileRef = DDFF237D1D9161FC0082D02D /* LoginViewController.swift */; };
		DDFF23811D9161FC0082D02D /* Main.storyboard in Resources */ = {isa = PBXBuildFile; fileRef = DDFF237F1D9161FC0082D02D /* Main.storyboard */; };
		DDFF23831D9161FC0082D02D /* Assets.xcassets in Resources */ = {isa = PBXBuildFile; fileRef = DDFF23821D9161FC0082D02D /* Assets.xcassets */; };
		DDFF23861D9161FC0082D02D /* LaunchScreen.storyboard in Resources */ = {isa = PBXBuildFile; fileRef = DDFF23841D9161FC0082D02D /* LaunchScreen.storyboard */; };
		DDFF23921D91740A0082D02D /* UdacityClient.swift in Sources */ = {isa = PBXBuildFile; fileRef = DDFF23911D91740A0082D02D /* UdacityClient.swift */; };
		DDFF23951D9175200082D02D /* UdacityConstants.swift in Sources */ = {isa = PBXBuildFile; fileRef = DDFF23941D9175200082D02D /* UdacityConstants.swift */; };
		DDFF23971D917C6D0082D02D /* GCD.swift in Sources */ = {isa = PBXBuildFile; fileRef = DDFF23961D917C6D0082D02D /* GCD.swift */; };
/* End PBXBuildFile section */

/* Begin PBXFileReference section */
		DD0B08621D9666BF008B6E50 /* NavigationViewController.swift */ = {isa = PBXFileReference; fileEncoding = 4; lastKnownFileType = sourcecode.swift; path = NavigationViewController.swift; sourceTree = "<group>"; };
		DD0B08641D966E81008B6E50 /* LocationsTableViewController.swift */ = {isa = PBXFileReference; fileEncoding = 4; lastKnownFileType = sourcecode.swift; path = LocationsTableViewController.swift; sourceTree = "<group>"; };
		DD0B08661D9682C5008B6E50 /* SendInformationViewController.swift */ = {isa = PBXFileReference; fileEncoding = 4; lastKnownFileType = sourcecode.swift; path = SendInformationViewController.swift; sourceTree = "<group>"; };
		DD0B08691D96A376008B6E50 /* Alert.swift */ = {isa = PBXFileReference; fileEncoding = 4; lastKnownFileType = sourcecode.swift; path = Alert.swift; sourceTree = "<group>"; };
		DD896AF11D92B25B009C482D /* MapViewController.swift */ = {isa = PBXFileReference; fileEncoding = 4; lastKnownFileType = sourcecode.swift; path = MapViewController.swift; sourceTree = "<group>"; };
		DD896AF31D92B4DE009C482D /* MapKit.framework */ = {isa = PBXFileReference; lastKnownFileType = wrapper.framework; name = MapKit.framework; path = System/Library/Frameworks/MapKit.framework; sourceTree = SDKROOT; };
		DD896AF61D92BC44009C482D /* ParseClient.swift */ = {isa = PBXFileReference; fileEncoding = 4; lastKnownFileType = sourcecode.swift; path = ParseClient.swift; sourceTree = "<group>"; };
		DD896AF81D92BCAE009C482D /* ParseConstants.swift */ = {isa = PBXFileReference; fileEncoding = 4; lastKnownFileType = sourcecode.swift; path = ParseConstants.swift; sourceTree = "<group>"; };
		DD896AFA1D92C432009C482D /* StudentInformation.swift */ = {isa = PBXFileReference; fileEncoding = 4; lastKnownFileType = sourcecode.swift; path = StudentInformation.swift; sourceTree = "<group>"; };
		DDD870ED1D97B92D00E798EB /* HTTPClient.swift */ = {isa = PBXFileReference; fileEncoding = 4; lastKnownFileType = sourcecode.swift; path = HTTPClient.swift; sourceTree = "<group>"; };
		DDFF23781D9161FC0082D02D /* OnTheMap.app */ = {isa = PBXFileReference; explicitFileType = wrapper.application; includeInIndex = 0; path = OnTheMap.app; sourceTree = BUILT_PRODUCTS_DIR; };
		DDFF237B1D9161FC0082D02D /* AppDelegate.swift */ = {isa = PBXFileReference; lastKnownFileType = sourcecode.swift; path = AppDelegate.swift; sourceTree = "<group>"; };
		DDFF237D1D9161FC0082D02D /* LoginViewController.swift */ = {isa = PBXFileReference; lastKnownFileType = sourcecode.swift; path = LoginViewController.swift; sourceTree = "<group>"; };
		DDFF23801D9161FC0082D02D /* Base */ = {isa = PBXFileReference; lastKnownFileType = file.storyboard; name = Base; path = Base.lproj/Main.storyboard; sourceTree = "<group>"; };
		DDFF23821D9161FC0082D02D /* Assets.xcassets */ = {isa = PBXFileReference; lastKnownFileType = folder.assetcatalog; path = Assets.xcassets; sourceTree = "<group>"; };
		DDFF23851D9161FC0082D02D /* Base */ = {isa = PBXFileReference; lastKnownFileType = file.storyboard; name = Base; path = Base.lproj/LaunchScreen.storyboard; sourceTree = "<group>"; };
		DDFF23871D9161FC0082D02D /* Info.plist */ = {isa = PBXFileReference; lastKnownFileType = text.plist.xml; path = Info.plist; sourceTree = "<group>"; };
		DDFF23911D91740A0082D02D /* UdacityClient.swift */ = {isa = PBXFileReference; fileEncoding = 4; lastKnownFileType = sourcecode.swift; path = UdacityClient.swift; sourceTree = "<group>"; };
		DDFF23941D9175200082D02D /* UdacityConstants.swift */ = {isa = PBXFileReference; fileEncoding = 4; lastKnownFileType = sourcecode.swift; path = UdacityConstants.swift; sourceTree = "<group>"; };
		DDFF23961D917C6D0082D02D /* GCD.swift */ = {isa = PBXFileReference; fileEncoding = 4; lastKnownFileType = sourcecode.swift; path = GCD.swift; sourceTree = "<group>"; };
/* End PBXFileReference section */

/* Begin PBXFrameworksBuildPhase section */
		DDFF23751D9161FC0082D02D /* Frameworks */ = {
			isa = PBXFrameworksBuildPhase;
			buildActionMask = 2147483647;
			files = (
				DD896AF41D92B4DE009C482D /* MapKit.framework in Frameworks */,
			);
			runOnlyForDeploymentPostprocessing = 0;
		};
/* End PBXFrameworksBuildPhase section */

/* Begin PBXGroup section */
		DD0B08681D96A358008B6E50 /* View */ = {
			isa = PBXGroup;
			children = (
				DD0B08691D96A376008B6E50 /* Alert.swift */,
			);
			name = View;
			sourceTree = "<group>";
		};
		DD896AF51D92BC33009C482D /* Parse */ = {
			isa = PBXGroup;
			children = (
				DD896AF61D92BC44009C482D /* ParseClient.swift */,
				DD896AF81D92BCAE009C482D /* ParseConstants.swift */,
			);
			name = Parse;
			sourceTree = "<group>";
		};
		DDFF236F1D9161FC0082D02D = {
			isa = PBXGroup;
			children = (
				DD896AF31D92B4DE009C482D /* MapKit.framework */,
				DDFF237A1D9161FC0082D02D /* OnTheMap */,
				DDFF23791D9161FC0082D02D /* Products */,
			);
			sourceTree = "<group>";
		};
		DDFF23791D9161FC0082D02D /* Products */ = {
			isa = PBXGroup;
			children = (
				DDFF23781D9161FC0082D02D /* OnTheMap.app */,
			);
			name = Products;
			sourceTree = "<group>";
		};
		DDFF237A1D9161FC0082D02D /* OnTheMap */ = {
			isa = PBXGroup;
			children = (
				DDFF238F1D9173B00082D02D /* Model */,
				DD0B08681D96A358008B6E50 /* View */,
				DDFF238E1D9164270082D02D /* Controller */,
				DDFF237B1D9161FC0082D02D /* AppDelegate.swift */,
				DDFF237F1D9161FC0082D02D /* Main.storyboard */,
				DDFF23821D9161FC0082D02D /* Assets.xcassets */,
				DDFF23841D9161FC0082D02D /* LaunchScreen.storyboard */,
				DDFF23871D9161FC0082D02D /* Info.plist */,
				DDFF23961D917C6D0082D02D /* GCD.swift */,
			);
			path = OnTheMap;
			sourceTree = "<group>";
		};
		DDFF238E1D9164270082D02D /* Controller */ = {
			isa = PBXGroup;
			children = (
				DDFF237D1D9161FC0082D02D /* LoginViewController.swift */,
				DD896AF11D92B25B009C482D /* MapViewController.swift */,
				DD0B08621D9666BF008B6E50 /* NavigationViewController.swift */,
				DD0B08641D966E81008B6E50 /* LocationsTableViewController.swift */,
				DD0B08661D9682C5008B6E50 /* SendInformationViewController.swift */,
			);
			name = Controller;
			sourceTree = "<group>";
		};
		DDFF238F1D9173B00082D02D /* Model */ = {
			isa = PBXGroup;
			children = (
				DDFF23901D9173C60082D02D /* Clients */,
				DD896AFA1D92C432009C482D /* StudentInformation.swift */,
			);
			name = Model;
			sourceTree = "<group>";
		};
		DDFF23901D9173C60082D02D /* Clients */ = {
			isa = PBXGroup;
			children = (
				DD896AF51D92BC33009C482D /* Parse */,
				DDFF23931D9174B70082D02D /* Udacity */,
				DDD870ED1D97B92D00E798EB /* HTTPClient.swift */,
			);
			name = Clients;
			sourceTree = "<group>";
		};
		DDFF23931D9174B70082D02D /* Udacity */ = {
			isa = PBXGroup;
			children = (
				DDFF23911D91740A0082D02D /* UdacityClient.swift */,
				DDFF23941D9175200082D02D /* UdacityConstants.swift */,
			);
			name = Udacity;
			sourceTree = "<group>";
		};
/* End PBXGroup section */

/* Begin PBXNativeTarget section */
		DDFF23771D9161FC0082D02D /* OnTheMap */ = {
			isa = PBXNativeTarget;
			buildConfigurationList = DDFF238A1D9161FC0082D02D /* Build configuration list for PBXNativeTarget "OnTheMap" */;
			buildPhases = (
				DDFF23741D9161FC0082D02D /* Sources */,
				DDFF23751D9161FC0082D02D /* Frameworks */,
				DDFF23761D9161FC0082D02D /* Resources */,
			);
			buildRules = (
			);
			dependencies = (
			);
			name = OnTheMap;
			productName = OnTheMap;
			productReference = DDFF23781D9161FC0082D02D /* OnTheMap.app */;
			productType = "com.apple.product-type.application";
		};
/* End PBXNativeTarget section */

/* Begin PBXProject section */
		DDFF23701D9161FC0082D02D /* Project object */ = {
			isa = PBXProject;
			attributes = {
				LastSwiftUpdateCheck = 0730;
				LastUpgradeCheck = 0730;
				ORGANIZATIONNAME = laura.sempere.com;
				TargetAttributes = {
					DDFF23771D9161FC0082D02D = {
						CreatedOnToolsVersion = 7.3;
						SystemCapabilities = {
							com.apple.Maps.iOS = {
								enabled = 1;
							};
						};
					};
				};
			};
			buildConfigurationList = DDFF23731D9161FC0082D02D /* Build configuration list for PBXProject "OnTheMap" */;
			compatibilityVersion = "Xcode 3.2";
			developmentRegion = English;
			hasScannedForEncodings = 0;
			knownRegions = (
				en,
				Base,
			);
			mainGroup = DDFF236F1D9161FC0082D02D;
			productRefGroup = DDFF23791D9161FC0082D02D /* Products */;
			projectDirPath = "";
			projectRoot = "";
			targets = (
				DDFF23771D9161FC0082D02D /* OnTheMap */,
			);
		};
/* End PBXProject section */

/* Begin PBXResourcesBuildPhase section */
		DDFF23761D9161FC0082D02D /* Resources */ = {
			isa = PBXResourcesBuildPhase;
			buildActionMask = 2147483647;
			files = (
				DDFF23861D9161FC0082D02D /* LaunchScreen.storyboard in Resources */,
				DDFF23831D9161FC0082D02D /* Assets.xcassets in Resources */,
				DDFF23811D9161FC0082D02D /* Main.storyboard in Resources */,
			);
			runOnlyForDeploymentPostprocessing = 0;
		};
/* End PBXResourcesBuildPhase section */

/* Begin PBXSourcesBuildPhase section */
		DDFF23741D9161FC0082D02D /* Sources */ = {
			isa = PBXSourcesBuildPhase;
			buildActionMask = 2147483647;
			files = (
				DD0B08651D966E81008B6E50 /* LocationsTableViewController.swift in Sources */,
				DDFF23971D917C6D0082D02D /* GCD.swift in Sources */,
				DD896AF21D92B25B009C482D /* MapViewController.swift in Sources */,
				DD896AF71D92BC44009C482D /* ParseClient.swift in Sources */,
				DDFF237E1D9161FC0082D02D /* LoginViewController.swift in Sources */,
				DD0B086A1D96A376008B6E50 /* Alert.swift in Sources */,
				DD0B08671D9682C5008B6E50 /* SendInformationViewController.swift in Sources */,
				DDFF23951D9175200082D02D /* UdacityConstants.swift in Sources */,
				DDFF23921D91740A0082D02D /* UdacityClient.swift in Sources */,
				DD896AFB1D92C432009C482D /* StudentInformation.swift in Sources */,
				DDD870EE1D97B92D00E798EB /* HTTPClient.swift in Sources */,
				DDFF237C1D9161FC0082D02D /* AppDelegate.swift in Sources */,
				DD0B08631D9666BF008B6E50 /* NavigationViewController.swift in Sources */,
				DD896AF91D92BCAE009C482D /* ParseConstants.swift in Sources */,
			);
			runOnlyForDeploymentPostprocessing = 0;
		};
/* End PBXSourcesBuildPhase section */

/* Begin PBXVariantGroup section */
		DDFF237F1D9161FC0082D02D /* Main.storyboard */ = {
			isa = PBXVariantGroup;
			children = (
				DDFF23801D9161FC0082D02D /* Base */,
			);
			name = Main.storyboard;
			sourceTree = "<group>";
		};
		DDFF23841D9161FC0082D02D /* LaunchScreen.storyboard */ = {
			isa = PBXVariantGroup;
			children = (
				DDFF23851D9161FC0082D02D /* Base */,
			);
			name = LaunchScreen.storyboard;
			sourceTree = "<group>";
		};
/* End PBXVariantGroup section */

/* Begin XCBuildConfiguration section */
		DDFF23881D9161FC0082D02D /* Debug */ = {
			isa = XCBuildConfiguration;
			buildSettings = {
				ALWAYS_SEARCH_USER_PATHS = NO;
				CLANG_ANALYZER_NONNULL = YES;
				CLANG_CXX_LANGUAGE_STANDARD = "gnu++0x";
				CLANG_CXX_LIBRARY = "libc++";
				CLANG_ENABLE_MODULES = YES;
				CLANG_ENABLE_OBJC_ARC = YES;
				CLANG_WARN_BOOL_CONVERSION = YES;
				CLANG_WARN_CONSTANT_CONVERSION = YES;
				CLANG_WARN_DIRECT_OBJC_ISA_USAGE = YES_ERROR;
				CLANG_WARN_EMPTY_BODY = YES;
				CLANG_WARN_ENUM_CONVERSION = YES;
				CLANG_WARN_INT_CONVERSION = YES;
				CLANG_WARN_OBJC_ROOT_CLASS = YES_ERROR;
				CLANG_WARN_UNREACHABLE_CODE = YES;
				CLANG_WARN__DUPLICATE_METHOD_MATCH = YES;
				"CODE_SIGN_IDENTITY[sdk=iphoneos*]" = "iPhone Developer";
				COPY_PHASE_STRIP = NO;
				DEBUG_INFORMATION_FORMAT = dwarf;
				ENABLE_STRICT_OBJC_MSGSEND = YES;
				ENABLE_TESTABILITY = YES;
				GCC_C_LANGUAGE_STANDARD = gnu99;
				GCC_DYNAMIC_NO_PIC = NO;
				GCC_NO_COMMON_BLOCKS = YES;
				GCC_OPTIMIZATION_LEVEL = 0;
				GCC_PREPROCESSOR_DEFINITIONS = (
					"DEBUG=1",
					"$(inherited)",
				);
				GCC_WARN_64_TO_32_BIT_CONVERSION = YES;
				GCC_WARN_ABOUT_RETURN_TYPE = YES_ERROR;
				GCC_WARN_UNDECLARED_SELECTOR = YES;
				GCC_WARN_UNINITIALIZED_AUTOS = YES_AGGRESSIVE;
				GCC_WARN_UNUSED_FUNCTION = YES;
				GCC_WARN_UNUSED_VARIABLE = YES;
				IPHONEOS_DEPLOYMENT_TARGET = 9.3;
				MTL_ENABLE_DEBUG_INFO = YES;
				ONLY_ACTIVE_ARCH = YES;
				SDKROOT = iphoneos;
				SWIFT_OPTIMIZATION_LEVEL = "-Onone";
				TARGETED_DEVICE_FAMILY = "1,2";
			};
			name = Debug;
		};
		DDFF23891D9161FC0082D02D /* Release */ = {
			isa = XCBuildConfiguration;
			buildSettings = {
				ALWAYS_SEARCH_USER_PATHS = NO;
				CLANG_ANALYZER_NONNULL = YES;
				CLANG_CXX_LANGUAGE_STANDARD = "gnu++0x";
				CLANG_CXX_LIBRARY = "libc++";
				CLANG_ENABLE_MODULES = YES;
				CLANG_ENABLE_OBJC_ARC = YES;
				CLANG_WARN_BOOL_CONVERSION = YES;
				CLANG_WARN_CONSTANT_CONVERSION = YES;
				CLANG_WARN_DIRECT_OBJC_ISA_USAGE = YES_ERROR;
				CLANG_WARN_EMPTY_BODY = YES;
				CLANG_WARN_ENUM_CONVERSION = YES;
				CLANG_WARN_INT_CONVERSION = YES;
				CLANG_WARN_OBJC_ROOT_CLASS = YES_ERROR;
				CLANG_WARN_UNREACHABLE_CODE = YES;
				CLANG_WARN__DUPLICATE_METHOD_MATCH = YES;
				"CODE_SIGN_IDENTITY[sdk=iphoneos*]" = "iPhone Developer";
				COPY_PHASE_STRIP = NO;
				DEBUG_INFORMATION_FORMAT = "dwarf-with-dsym";
				ENABLE_NS_ASSERTIONS = NO;
				ENABLE_STRICT_OBJC_MSGSEND = YES;
				GCC_C_LANGUAGE_STANDARD = gnu99;
				GCC_NO_COMMON_BLOCKS = YES;
				GCC_WARN_64_TO_32_BIT_CONVERSION = YES;
				GCC_WARN_ABOUT_RETURN_TYPE = YES_ERROR;
				GCC_WARN_UNDECLARED_SELECTOR = YES;
				GCC_WARN_UNINITIALIZED_AUTOS = YES_AGGRESSIVE;
				GCC_WARN_UNUSED_FUNCTION = YES;
				GCC_WARN_UNUSED_VARIABLE = YES;
				IPHONEOS_DEPLOYMENT_TARGET = 9.3;
				MTL_ENABLE_DEBUG_INFO = NO;
				SDKROOT = iphoneos;
				TARGETED_DEVICE_FAMILY = "1,2";
				VALIDATE_PRODUCT = YES;
			};
			name = Release;
		};
		DDFF238B1D9161FC0082D02D /* Debug */ = {
			isa = XCBuildConfiguration;
			buildSettings = {
				ASSETCATALOG_COMPILER_APPICON_NAME = AppIcon;
				INFOPLIST_FILE = OnTheMap/Info.plist;
				LD_RUNPATH_SEARCH_PATHS = "$(inherited) @executable_path/Frameworks";
				PRODUCT_BUNDLE_IDENTIFIER = laura.sempere.OnTheMap.OnTheMap;
				PRODUCT_NAME = "$(TARGET_NAME)";
			};
			name = Debug;
		};
		DDFF238C1D9161FC0082D02D /* Release */ = {
			isa = XCBuildConfiguration;
			buildSettings = {
				ASSETCATALOG_COMPILER_APPICON_NAME = AppIcon;
				INFOPLIST_FILE = OnTheMap/Info.plist;
				LD_RUNPATH_SEARCH_PATHS = "$(inherited) @executable_path/Frameworks";
				PRODUCT_BUNDLE_IDENTIFIER = laura.sempere.OnTheMap.OnTheMap;
				PRODUCT_NAME = "$(TARGET_NAME)";
			};
			name = Release;
		};
/* End XCBuildConfiguration section */

/* Begin XCConfigurationList section */
		DDFF23731D9161FC0082D02D /* Build configuration list for PBXProject "OnTheMap" */ = {
			isa = XCConfigurationList;
			buildConfigurations = (
				DDFF23881D9161FC0082D02D /* Debug */,
				DDFF23891D9161FC0082D02D /* Release */,
			);
			defaultConfigurationIsVisible = 0;
			defaultConfigurationName = Release;
		};
		DDFF238A1D9161FC0082D02D /* Build configuration list for PBXNativeTarget "OnTheMap" */ = {
			isa = XCConfigurationList;
			buildConfigurations = (
				DDFF238B1D9161FC0082D02D /* Debug */,
				DDFF238C1D9161FC0082D02D /* Release */,
			);
			defaultConfigurationIsVisible = 0;
			defaultConfigurationName = Release;
		};
/* End XCConfigurationList section */
	};
	rootObject = DDFF23701D9161FC0082D02D /* Project object */;
}
